
Microsoft Visual Studio Solution File, Format Version 12.00
# Visual Studio Version 16
VisualStudioVersion = 16.0.29009.5
MinimumVisualStudioVersion = 10.0.40219.1
Project("{FAE04EC0-301F-11D3-BF4B-00C04F79EFBC}") = "CoreApp", "CoreApp\CoreApp.csproj", "{2CE7F439-7A89-49D1-B9CC-EEAF8BC25F06}"
EndProject
Global
	GlobalSection(SolutionConfigurationPlatforms) = preSolution
		Debug|Any CPU = Debug|Any CPU
		Release|Any CPU = Release|Any CPU
	EndGlobalSection
	GlobalSection(ProjectConfigurationPlatforms) = postSolution
		{2CE7F439-7A89-49D1-B9CC-EEAF8BC25F06}.Debug|Any CPU.ActiveCfg = Debug|Any CPU
		{2CE7F439-7A89-49D1-B9CC-EEAF8BC25F06}.Debug|Any CPU.Build.0 = Debug|Any CPU
		{2CE7F439-7A89-49D1-B9CC-EEAF8BC25F06}.Release|Any CPU.ActiveCfg = Release|Any CPU
		{2CE7F439-7A89-49D1-B9CC-EEAF8BC25F06}.Release|Any CPU.Build.0 = Release|Any CPU
	EndGlobalSection
	GlobalSection(SolutionProperties) = preSolution
		HideSolutionNode = FALSE
	EndGlobalSection
	GlobalSection(ExtensibilityGlobals) = postSolution
		SolutionGuid = {10846896-93C7-4CBA-814D-2A47915D43AE}
	EndGlobalSection
EndGlobal
